
Microsoft Visual Studio Solution File, Format Version 12.00
# Visual Studio Version 17
VisualStudioVersion = 17.5.002.0
MinimumVisualStudioVersion = 10.0.40219.1
Project("{9A19103F-16F7-4668-BE54-9A1E7A4F7556}") = "Ke.Bee.Localization", "Ke.Bee.Localization.csproj", "{8D364EAB-F232-4C17-B66E-8AF157086B86}"
EndProject
Global
	GlobalSection(SolutionConfigurationPlatforms) = preSolution
		Debug|Any CPU = Debug|Any CPU
		Release|Any CPU = Release|Any CPU
	EndGlobalSection
	GlobalSection(ProjectConfigurationPlatforms) = postSolution
		{8D364EAB-F232-4C17-B66E-8AF157086B86}.Debug|Any CPU.ActiveCfg = Debug|Any CPU
		{8D364EAB-F232-4C17-B66E-8AF157086B86}.Debug|Any CPU.Build.0 = Debug|Any CPU
		{8D364EAB-F232-4C17-B66E-8AF157086B86}.Release|Any CPU.ActiveCfg = Release|Any CPU
		{8D364EAB-F232-4C17-B66E-8AF157086B86}.Release|Any CPU.Build.0 = Release|Any CPU
	EndGlobalSection
	GlobalSection(SolutionProperties) = preSolution
		HideSolutionNode = FALSE
	EndGlobalSection
	GlobalSection(ExtensibilityGlobals) = postSolution
		SolutionGuid = {C2D630FD-7FFF-47D7-9F97-D0308C23A865}
	EndGlobalSection
EndGlobal
